{
  "nodes": {
    "emacs-overlay": {
      "inputs": {
        "nixpkgs": "nixpkgs",
        "nixpkgs-stable": "nixpkgs-stable"
      },
      "locked": {
        "lastModified": 1749318443,
        "narHash": "sha256-SMTpYzZbb3QMSepq+5f+2zkFpi8Y6q/c/VrF4rtl/rU=",
        "owner": "nix-community",
        "repo": "emacs-overlay",
        "rev": "b313b010b457ab15ac323975b10bf418a9de074c",
        "type": "github"
      },
      "original": {
        "owner": "nix-community",
        "repo": "emacs-overlay",
        "type": "github"
      }
    },
    "flake-utils": {
      "locked": {
        "lastModified": 1638122382,
        "narHash": "sha256-sQzZzAbvKEqN9s0bzWuYmRaA03v40gaJ4+iL1LXjaeI=",
        "owner": "numtide",
        "repo": "flake-utils",
        "rev": "74f7e4319258e287b0f9cb95426c9853b282730b",
        "type": "github"
      },
      "original": {
        "owner": "numtide",
        "repo": "flake-utils",
        "type": "github"
      }
    },
    "homeManager": {
      "inputs": {
        "nixpkgs": [
          "nixpkgs"
        ]
      },
      "locked": {
        "lastModified": 1749154018,
        "narHash": "sha256-gjN3j7joRvT3a8Zgcylnd4NFsnXeDBumqiu4HmY1RIg=",
        "owner": "nix-community",
        "repo": "home-manager",
        "rev": "7aae0ee71a17b19708b93b3ed448a1a0952bf111",
        "type": "github"
      },
      "original": {
        "owner": "nix-community",
        "ref": "release-25.05",
        "repo": "home-manager",
        "type": "github"
      }
    },
    "my-emacs": {
      "locked": {
        "lastModified": 1749335440,
        "narHash": "sha256-FGmOdvv8a3pxjSHAWRY+eqxaZPQBGu9WNP+697Jol/0=",
        "path": "/Users/acowley/dotfiles/my-emacs",
        "type": "path"
      },
      "original": {
        "path": "/Users/acowley/dotfiles/my-emacs",
        "type": "path"
      }
    },
    "my-latex": {
      "flake": false,
      "locked": {
        "narHash": "sha256-1MWoWYYOTp2AQp1kb6zLdiYBN7vkF6lwjZgEtmAljuc=",
        "path": "/Users/acowley/dotfiles/nix/mylatex.nix",
        "type": "path"
      },
      "original": {
        "path": "/Users/acowley/dotfiles/nix/mylatex.nix",
        "type": "path"
      }
    },
    "nix-gl-host": {
      "inputs": {
        "nixpkgs": "nixpkgs_2"
      },
      "locked": {
        "lastModified": 1728753510,
        "narHash": "sha256-uZ/6nneqh97IQSU0lMVIdv5MwLX5q8zl7SOp8FUX5/Y=",
        "owner": "numtide",
        "repo": "nix-gl-host",
        "rev": "e43e0bf186b391ebc6dfb5cc733d92d0ba3db851",
        "type": "github"
      },
      "original": {
        "owner": "numtide",
        "repo": "nix-gl-host",
        "type": "github"
      }
    },
    "nixpkgs": {
      "locked": {
        "lastModified": 1749143949,
        "narHash": "sha256-QuUtALJpVrPnPeozlUG/y+oIMSLdptHxb3GK6cpSVhA=",
        "owner": "NixOS",
        "repo": "nixpkgs",
        "rev": "d3d2d80a2191a73d1e86456a751b83aa13085d7d",
        "type": "github"
      },
      "original": {
        "owner": "NixOS",
        "ref": "nixos-unstable",
        "repo": "nixpkgs",
        "type": "github"
      }
    },
    "nixpkgs-stable": {
      "locked": {
        "lastModified": 1748995628,
        "narHash": "sha256-bFufQGSAEYQgjtc4wMrobS5HWN0hDP+ZX+zthYcml9U=",
        "owner": "NixOS",
        "repo": "nixpkgs",
        "rev": "8eb3b6a2366a7095939cd22f0dc0e9991313294b",
        "type": "github"
      },
      "original": {
        "owner": "NixOS",
        "ref": "nixos-24.11",
        "repo": "nixpkgs",
        "type": "github"
      }
    },
    "nixpkgs_2": {
      "locked": {
        "lastModified": 1669045945,
        "narHash": "sha256-BQxzijvZpLQ7R+KuQzCPcFgIS6OK0Onb29pYFe2pzJo=",
        "owner": "NixOS",
        "repo": "nixpkgs",
        "rev": "6b5019a48f876f3288efc626fa8b70ad0c64eb46",
        "type": "github"
      },
      "original": {
        "owner": "NixOS",
        "ref": "nixpkgs-unstable",
        "repo": "nixpkgs",
        "type": "github"
      }
    },
    "nixpkgs_3": {
      "locked": {
        "lastModified": 1749168695,
        "narHash": "sha256-uVvUtySpDxeTyh1lZeI9833SuP7L5KurSg9YzLKtrc0=",
        "owner": "nixos",
        "repo": "nixpkgs",
        "rev": "543fe66983012b29c4736d179fc4dd5f5c775295",
        "type": "github"
      },
      "original": {
        "owner": "nixos",
        "ref": "nixpkgs-25.05-darwin",
        "repo": "nixpkgs",
        "type": "github"
      }
    },
    "root": {
      "inputs": {
        "emacs-overlay": "emacs-overlay",
        "flake-utils": "flake-utils",
        "homeManager": "homeManager",
        "my-emacs": "my-emacs",
        "my-latex": "my-latex",
        "nix-gl-host": "nix-gl-host",
        "nixpkgs": "nixpkgs_3",
        "unstable": "unstable"
      }
    },
    "unstable": {
      "locked": {
        "lastModified": 1749213349,
        "narHash": "sha256-UAaWOyQhdp7nXzsbmLVC67fo+QetzoTm9hsPf9X3yr4=",
        "owner": "nixos",
        "repo": "nixpkgs",
        "rev": "a4ff0e3c64846abea89662bfbacf037ef4b34207",
        "type": "github"
      },
      "original": {
        "owner": "nixos",
        "ref": "nixpkgs-unstable",
        "repo": "nixpkgs",
        "type": "github"
      }
    }
  },
  "root": "root",
  "version": 7
}
