{
  "nodes": {
    "emacs-overlay": {
      "locked": {
        "lastModified": 1639650492,
        "narHash": "sha256-OtcY3RvvABm73aqhOtD7iJilgGWCWmxODf5vpumD5RU=",
        "owner": "nix-community",
        "repo": "emacs-overlay",
        "rev": "32a6f8a41d5e7f4c0c91457f13a3afd5cd779227",
        "type": "github"
      },
      "original": {
        "owner": "nix-community",
        "repo": "emacs-overlay",
        "type": "github"
      }
    },
    "flake-utils": {
      "locked": {
        "lastModified": 1638122382,
        "narHash": "sha256-sQzZzAbvKEqN9s0bzWuYmRaA03v40gaJ4+iL1LXjaeI=",
        "owner": "numtide",
        "repo": "flake-utils",
        "rev": "74f7e4319258e287b0f9cb95426c9853b282730b",
        "type": "github"
      },
      "original": {
        "owner": "numtide",
        "repo": "flake-utils",
        "type": "github"
      }
    },
    "homeManager": {
      "inputs": {
        "nixpkgs": [
          "nixpkgs"
        ]
      },
      "locked": {
        "lastModified": 1638150501,
        "narHash": "sha256-aWH3MRmjUtx8ciSGLegBJC5mhymsuroHPs74ZldrNTU=",
        "owner": "nix-community",
        "repo": "home-manager",
        "rev": "9de77227d7780518cfeaee5a917970247f3ecc56",
        "type": "github"
      },
      "original": {
        "owner": "nix-community",
        "repo": "home-manager",
        "type": "github"
      }
    },
    "my-emacs": {
      "locked": {
        "lastModified": 1639551574,
        "narHash": "sha256-bfCuzUF3PBOxWTNhrxBqK0Np+WaWcYOWaO72BNjS48w=",
        "owner": "acowley",
        "repo": "my-emacs",
        "rev": "63f79f648607c53086ba5e62926594dc964d9f77",
        "type": "github"
      },
      "original": {
        "owner": "acowley",
        "repo": "my-emacs",
        "type": "github"
      }
    },
    "my-latex": {
      "flake": false,
      "locked": {
        "narHash": "sha256-1MWoWYYOTp2AQp1kb6zLdiYBN7vkF6lwjZgEtmAljuc=",
        "path": "/home/acowley/dotfiles/nix/mylatex.nix",
        "type": "path"
      },
      "original": {
        "path": "/home/acowley/dotfiles/nix/mylatex.nix",
        "type": "path"
      }
    },
    "nixpkgs": {
      "locked": {
        "narHash": "sha256-DRNPbZBzqJGku9VIxs5rsrt3eQOrC7jW2P/SkiFl5mw=",
        "path": "/home/acowley/src/nixpkgs",
        "type": "path"
      },
      "original": {
        "path": "/home/acowley/src/nixpkgs",
        "type": "path"
      }
    },
    "root": {
      "inputs": {
        "emacs-overlay": "emacs-overlay",
        "flake-utils": "flake-utils",
        "homeManager": "homeManager",
        "my-emacs": "my-emacs",
        "my-latex": "my-latex",
        "nixpkgs": "nixpkgs"
      }
    }
  },
  "root": "root",
  "version": 7
}
