{
  "nodes": {
    "emacs-overlay": {
      "inputs": {
        "flake-utils": "flake-utils",
        "nixpkgs": "nixpkgs"
      },
      "locked": {
        "lastModified": 1654685982,
        "narHash": "sha256-a+VtGW8QsCpLX6v8wWKEguUNTfTklcPS6HtzC8ygfnI=",
        "owner": "nix-community",
        "repo": "emacs-overlay",
        "rev": "71a37a76c851547a0241d7f6ba25a751bc337b92",
        "type": "github"
      },
      "original": {
        "owner": "nix-community",
        "repo": "emacs-overlay",
        "type": "github"
      }
    },
    "flake-utils": {
      "locked": {
        "lastModified": 1653893745,
        "narHash": "sha256-0jntwV3Z8//YwuOjzhV2sgJJPt+HY6KhU7VZUL0fKZQ=",
        "owner": "numtide",
        "repo": "flake-utils",
        "rev": "1ed9fb1935d260de5fe1c2f7ee0ebaae17ed2fa1",
        "type": "github"
      },
      "original": {
        "owner": "numtide",
        "repo": "flake-utils",
        "type": "github"
      }
    },
    "flake-utils_2": {
      "locked": {
        "lastModified": 1638122382,
        "narHash": "sha256-sQzZzAbvKEqN9s0bzWuYmRaA03v40gaJ4+iL1LXjaeI=",
        "owner": "numtide",
        "repo": "flake-utils",
        "rev": "74f7e4319258e287b0f9cb95426c9853b282730b",
        "type": "github"
      },
      "original": {
        "owner": "numtide",
        "repo": "flake-utils",
        "type": "github"
      }
    },
    "homeManager": {
      "inputs": {
        "nixpkgs": [
          "nixpkgs"
        ]
      },
      "locked": {
        "lastModified": 1649313500,
        "narHash": "sha256-UQN+1klTXrTvxJlakMUbXr9GW9Y1jOTFTyuI8QffKN8=",
        "owner": "nix-community",
        "repo": "home-manager",
        "rev": "66ffa7a0a6411c7c73a648bd0b426c73e2a14fa0",
        "type": "github"
      },
      "original": {
        "owner": "nix-community",
        "repo": "home-manager",
        "type": "github"
      }
    },
    "my-emacs": {
      "locked": {
        "lastModified": 1654700268,
        "narHash": "sha256-wOoq37fhLF6S9Es/F8E2JbPQhmybi5aNXJRPFUGInxU=",
        "owner": "acowley",
        "repo": "my-emacs",
        "rev": "ef381692df19f0d44c8736978d7d07f8750c564e",
        "type": "github"
      },
      "original": {
        "owner": "acowley",
        "repo": "my-emacs",
        "type": "github"
      }
    },
    "my-latex": {
      "flake": false,
      "locked": {
        "narHash": "sha256-1MWoWYYOTp2AQp1kb6zLdiYBN7vkF6lwjZgEtmAljuc=",
        "path": "/home/acowley/dotfiles/nix/mylatex.nix",
        "type": "path"
      },
      "original": {
        "path": "/home/acowley/dotfiles/nix/mylatex.nix",
        "type": "path"
      }
    },
    "nixpkgs": {
      "locked": {
        "lastModified": 1654699822,
        "narHash": "sha256-o/tzo6eN5qvFDFGVA2jVVwQgIZEu3ZbQgKQaD8XMJQI=",
        "path": "/home/acowley/src/nixpkgs",
        "type": "path"
      },
      "original": {
        "id": "nixpkgs",
        "type": "indirect"
      }
    },
    "nixpkgs_2": {
      "locked": {
        "lastModified": 1654699822,
        "narHash": "sha256-o/tzo6eN5qvFDFGVA2jVVwQgIZEu3ZbQgKQaD8XMJQI=",
        "path": "/home/acowley/src/nixpkgs",
        "type": "path"
      },
      "original": {
        "path": "/home/acowley/src/nixpkgs",
        "type": "path"
      }
    },
    "root": {
      "inputs": {
        "emacs-overlay": "emacs-overlay",
        "flake-utils": "flake-utils_2",
        "homeManager": "homeManager",
        "my-emacs": "my-emacs",
        "my-latex": "my-latex",
        "nixpkgs": "nixpkgs_2"
      }
    }
  },
  "root": "root",
  "version": 7
}
