{
  "nodes": {
    "flake-utils": {
      "locked": {
        "lastModified": 1631561581,
        "narHash": "sha256-3VQMV5zvxaVLvqqUrNz3iJelLw30mIVSfZmAaauM3dA=",
        "owner": "numtide",
        "repo": "flake-utils",
        "rev": "7e5bf3925f6fbdfaf50a2a7ca0be2879c4261d19",
        "type": "github"
      },
      "original": {
        "owner": "numtide",
        "repo": "flake-utils",
        "type": "github"
      }
    },
    "nixpkgs": {
      "locked": {
        "lastModified": 1633791597,
        "narHash": "sha256-HzpxqTEnqsjkKWfW87kSI3WVizYjUMQeUjSIm3b5I0Y=",
        "ref": "HEAD",
        "rev": "9bf75dd50b7b6d3ce6aaf6563db95f41438b9bdb",
        "revCount": 322215,
        "type": "git",
        "url": "file:///home/acowley/src/nixpkgs"
      },
      "original": {
        "type": "git",
        "url": "file:///home/acowley/src/nixpkgs"
      }
    },
    "root": {
      "inputs": {
        "flake-utils": "flake-utils",
        "nixpkgs": "nixpkgs"
      }
    }
  },
  "root": "root",
  "version": 7
}
